
Microsoft Visual Studio Solution File, Format Version 12.00
# Visual Studio 15
VisualStudioVersion = 15.0.27703.2026
MinimumVisualStudioVersion = 10.0.40219.1
Project("{FAE04EC0-301F-11D3-BF4B-00C04F79EFBC}") = "School", "School\School.csproj", "{0F6BED9D-AEB3-42C3-AAFB-67CA64E26251}"
EndProject
Global
	GlobalSection(SolutionConfigurationPlatforms) = preSolution
		Debug|Any CPU = Debug|Any CPU
		Release|Any CPU = Release|Any CPU
	EndGlobalSection
	GlobalSection(ProjectConfigurationPlatforms) = postSolution
		{0F6BED9D-AEB3-42C3-AAFB-67CA64E26251}.Debug|Any CPU.ActiveCfg = Debug|Any CPU
		{0F6BED9D-AEB3-42C3-AAFB-67CA64E26251}.Debug|Any CPU.Build.0 = Debug|Any CPU
		{0F6BED9D-AEB3-42C3-AAFB-67CA64E26251}.Release|Any CPU.ActiveCfg = Release|Any CPU
		{0F6BED9D-AEB3-42C3-AAFB-67CA64E26251}.Release|Any CPU.Build.0 = Release|Any CPU
	EndGlobalSection
	GlobalSection(SolutionProperties) = preSolution
		HideSolutionNode = FALSE
	EndGlobalSection
	GlobalSection(ExtensibilityGlobals) = postSolution
		SolutionGuid = {49A5C4D3-C092-42C5-9E4A-FEAE14DBF7C6}
	EndGlobalSection
EndGlobal
